
Microsoft Visual Studio Solution File, Format Version 12.00
# Visual Studio Version 16
VisualStudioVersion = 16.0.31702.278
MinimumVisualStudioVersion = 10.0.40219.1
Project("{FAE04EC0-301F-11D3-BF4B-00C04F79EFBC}") = "Wheel of Fortune CSC 317", "Wheel of Fortune CSC 317\Wheel of Fortune CSC 317.csproj", "{CC24E34A-3B9D-4AB3-9549-C2BFC7929E2A}"
EndProject
Global
	GlobalSection(SolutionConfigurationPlatforms) = preSolution
		Debug|Any CPU = Debug|Any CPU
		Release|Any CPU = Release|Any CPU
	EndGlobalSection
	GlobalSection(ProjectConfigurationPlatforms) = postSolution
		{CC24E34A-3B9D-4AB3-9549-C2BFC7929E2A}.Debug|Any CPU.ActiveCfg = Debug|Any CPU
		{CC24E34A-3B9D-4AB3-9549-C2BFC7929E2A}.Debug|Any CPU.Build.0 = Debug|Any CPU
		{CC24E34A-3B9D-4AB3-9549-C2BFC7929E2A}.Release|Any CPU.ActiveCfg = Release|Any CPU
		{CC24E34A-3B9D-4AB3-9549-C2BFC7929E2A}.Release|Any CPU.Build.0 = Release|Any CPU
	EndGlobalSection
	GlobalSection(SolutionProperties) = preSolution
		HideSolutionNode = FALSE
	EndGlobalSection
	GlobalSection(ExtensibilityGlobals) = postSolution
		SolutionGuid = {CEA9F56F-21F1-4F3F-9885-A218584ACF6B}
	EndGlobalSection
EndGlobal
